
Microsoft Visual Studio Solution File, Format Version 12.00
# Visual Studio 15
VisualStudioVersion = 15.0.28307.1231
MinimumVisualStudioVersion = 10.0.40219.1
Project("{FAE04EC0-301F-11D3-BF4B-00C04F79EFBC}") = "miPrimeraAplicacion", "miPrimeraAplicacion\miPrimeraAplicacion.csproj", "{DD589147-62E7-4096-ADC1-7EC728DA2014}"
EndProject
Global
	GlobalSection(SolutionConfigurationPlatforms) = preSolution
		Debug|Any CPU = Debug|Any CPU
		Release|Any CPU = Release|Any CPU
	EndGlobalSection
	GlobalSection(ProjectConfigurationPlatforms) = postSolution
		{DD589147-62E7-4096-ADC1-7EC728DA2014}.Debug|Any CPU.ActiveCfg = Debug|Any CPU
		{DD589147-62E7-4096-ADC1-7EC728DA2014}.Debug|Any CPU.Build.0 = Debug|Any CPU
		{DD589147-62E7-4096-ADC1-7EC728DA2014}.Release|Any CPU.ActiveCfg = Release|Any CPU
		{DD589147-62E7-4096-ADC1-7EC728DA2014}.Release|Any CPU.Build.0 = Release|Any CPU
	EndGlobalSection
	GlobalSection(SolutionProperties) = preSolution
		HideSolutionNode = FALSE
	EndGlobalSection
	GlobalSection(ExtensibilityGlobals) = postSolution
		SolutionGuid = {002F5258-62BB-4292-93D4-AD76E082980E}
	EndGlobalSection
EndGlobal
